// !$*UTF8*$!
{
	archiveVersion = 1;
	classes = {
	};
	objectVersion = 46;
	objects = {

/* Begin PBXBuildFile section */
		DDA708B31EE5305A000DC8BA /* AppDelegate.swift in Sources */ = {isa = PBXBuildFile; fileRef = DDA708B21EE5305A000DC8BA /* AppDelegate.swift */; };
		DDA708B51EE5305A000DC8BA /* ViewController.swift in Sources */ = {isa = PBXBuildFile; fileRef = DDA708B41EE5305A000DC8BA /* ViewController.swift */; };
		DDA708B81EE5305A000DC8BA /* Main.storyboard in Resources */ = {isa = PBXBuildFile; fileRef = DDA708B61EE5305A000DC8BA /* Main.storyboard */; };
		DDA708BA1EE5305A000DC8BA /* Assets.xcassets in Resources */ = {isa = PBXBuildFile; fileRef = DDA708B91EE5305A000DC8BA /* Assets.xcassets */; };
		DDA708BD1EE5305A000DC8BA /* LaunchScreen.storyboard in Resources */ = {isa = PBXBuildFile; fileRef = DDA708BB1EE5305A000DC8BA /* LaunchScreen.storyboard */; };
		DDA708C81EE5305B000DC8BA /* TDD_Bowling_GameTests.swift in Sources */ = {isa = PBXBuildFile; fileRef = DDA708C71EE5305B000DC8BA /* TDD_Bowling_GameTests.swift */; };
		DDA708D31EE5305B000DC8BA /* TDD_Bowling_GameUITests.swift in Sources */ = {isa = PBXBuildFile; fileRef = DDA708D21EE5305B000DC8BA /* TDD_Bowling_GameUITests.swift */; };
/* End PBXBuildFile section */

/* Begin PBXContainerItemProxy section */
		DDA708C41EE5305B000DC8BA /* PBXContainerItemProxy */ = {
			isa = PBXContainerItemProxy;
			containerPortal = DDA708A71EE5305A000DC8BA /* Project object */;
			proxyType = 1;
			remoteGlobalIDString = DDA708AE1EE5305A000DC8BA;
			remoteInfo = "TDD Bowling Game";
		};
		DDA708CF1EE5305B000DC8BA /* PBXContainerItemProxy */ = {
			isa = PBXContainerItemProxy;
			containerPortal = DDA708A71EE5305A000DC8BA /* Project object */;
			proxyType = 1;
			remoteGlobalIDString = DDA708AE1EE5305A000DC8BA;
			remoteInfo = "TDD Bowling Game";
		};
/* End PBXContainerItemProxy section */

/* Begin PBXFileReference section */
		DDA708AF1EE5305A000DC8BA /* TDD Bowling Game.app */ = {isa = PBXFileReference; explicitFileType = wrapper.application; includeInIndex = 0; path = "TDD Bowling Game.app"; sourceTree = BUILT_PRODUCTS_DIR; };
		DDA708B21EE5305A000DC8BA /* AppDelegate.swift */ = {isa = PBXFileReference; lastKnownFileType = sourcecode.swift; path = AppDelegate.swift; sourceTree = "<group>"; };
		DDA708B41EE5305A000DC8BA /* ViewController.swift */ = {isa = PBXFileReference; lastKnownFileType = sourcecode.swift; path = ViewController.swift; sourceTree = "<group>"; };
		DDA708B71EE5305A000DC8BA /* Base */ = {isa = PBXFileReference; lastKnownFileType = file.storyboard; name = Base; path = Base.lproj/Main.storyboard; sourceTree = "<group>"; };
		DDA708B91EE5305A000DC8BA /* Assets.xcassets */ = {isa = PBXFileReference; lastKnownFileType = folder.assetcatalog; path = Assets.xcassets; sourceTree = "<group>"; };
		DDA708BC1EE5305A000DC8BA /* Base */ = {isa = PBXFileReference; lastKnownFileType = file.storyboard; name = Base; path = Base.lproj/LaunchScreen.storyboard; sourceTree = "<group>"; };
		DDA708BE1EE5305A000DC8BA /* Info.plist */ = {isa = PBXFileReference; lastKnownFileType = text.plist.xml; path = Info.plist; sourceTree = "<group>"; };
		DDA708C31EE5305A000DC8BA /* TDD Bowling GameTests.xctest */ = {isa = PBXFileReference; explicitFileType = wrapper.cfbundle; includeInIndex = 0; path = "TDD Bowling GameTests.xctest"; sourceTree = BUILT_PRODUCTS_DIR; };
		DDA708C71EE5305B000DC8BA /* TDD_Bowling_GameTests.swift */ = {isa = PBXFileReference; lastKnownFileType = sourcecode.swift; path = TDD_Bowling_GameTests.swift; sourceTree = "<group>"; };
		DDA708C91EE5305B000DC8BA /* Info.plist */ = {isa = PBXFileReference; lastKnownFileType = text.plist.xml; path = Info.plist; sourceTree = "<group>"; };
		DDA708CE1EE5305B000DC8BA /* TDD Bowling GameUITests.xctest */ = {isa = PBXFileReference; explicitFileType = wrapper.cfbundle; includeInIndex = 0; path = "TDD Bowling GameUITests.xctest"; sourceTree = BUILT_PRODUCTS_DIR; };
		DDA708D21EE5305B000DC8BA /* TDD_Bowling_GameUITests.swift */ = {isa = PBXFileReference; lastKnownFileType = sourcecode.swift; path = TDD_Bowling_GameUITests.swift; sourceTree = "<group>"; };
		DDA708D41EE5305B000DC8BA /* Info.plist */ = {isa = PBXFileReference; lastKnownFileType = text.plist.xml; path = Info.plist; sourceTree = "<group>"; };
/* End PBXFileReference section */

/* Begin PBXFrameworksBuildPhase section */
		DDA708AC1EE5305A000DC8BA /* Frameworks */ = {
			isa = PBXFrameworksBuildPhase;
			buildActionMask = 2147483647;
			files = (
			);
			runOnlyForDeploymentPostprocessing = 0;
		};
		DDA708C01EE5305A000DC8BA /* Frameworks */ = {
			isa = PBXFrameworksBuildPhase;
			buildActionMask = 2147483647;
			files = (
			);
			runOnlyForDeploymentPostprocessing = 0;
		};
		DDA708CB1EE5305B000DC8BA /* Frameworks */ = {
			isa = PBXFrameworksBuildPhase;
			buildActionMask = 2147483647;
			files = (
			);
			runOnlyForDeploymentPostprocessing = 0;
		};
/* End PBXFrameworksBuildPhase section */

/* Begin PBXGroup section */
		DDA708A61EE5305A000DC8BA = {
			isa = PBXGroup;
			children = (
				DDA708B11EE5305A000DC8BA /* TDD Bowling Game */,
				DDA708C61EE5305B000DC8BA /* TDD Bowling GameTests */,
				DDA708D11EE5305B000DC8BA /* TDD Bowling GameUITests */,
				DDA708B01EE5305A000DC8BA /* Products */,
			);
			sourceTree = "<group>";
		};
		DDA708B01EE5305A000DC8BA /* Products */ = {
			isa = PBXGroup;
			children = (
				DDA708AF1EE5305A000DC8BA /* TDD Bowling Game.app */,
				DDA708C31EE5305A000DC8BA /* TDD Bowling GameTests.xctest */,
				DDA708CE1EE5305B000DC8BA /* TDD Bowling GameUITests.xctest */,
			);
			name = Products;
			sourceTree = "<group>";
		};
		DDA708B11EE5305A000DC8BA /* TDD Bowling Game */ = {
			isa = PBXGroup;
			children = (
				DDA708B21EE5305A000DC8BA /* AppDelegate.swift */,
				DDA708B41EE5305A000DC8BA /* ViewController.swift */,
				DDA708B61EE5305A000DC8BA /* Main.storyboard */,
				DDA708B91EE5305A000DC8BA /* Assets.xcassets */,
				DDA708BB1EE5305A000DC8BA /* LaunchScreen.storyboard */,
				DDA708BE1EE5305A000DC8BA /* Info.plist */,
			);
			path = "TDD Bowling Game";
			sourceTree = "<group>";
		};
		DDA708C61EE5305B000DC8BA /* TDD Bowling GameTests */ = {
			isa = PBXGroup;
			children = (
				DDA708C71EE5305B000DC8BA /* TDD_Bowling_GameTests.swift */,
				DDA708C91EE5305B000DC8BA /* Info.plist */,
			);
			path = "TDD Bowling GameTests";
			sourceTree = "<group>";
		};
		DDA708D11EE5305B000DC8BA /* TDD Bowling GameUITests */ = {
			isa = PBXGroup;
			children = (
				DDA708D21EE5305B000DC8BA /* TDD_Bowling_GameUITests.swift */,
				DDA708D41EE5305B000DC8BA /* Info.plist */,
			);
			path = "TDD Bowling GameUITests";
			sourceTree = "<group>";
		};
/* End PBXGroup section */

/* Begin PBXNativeTarget section */
		DDA708AE1EE5305A000DC8BA /* TDD Bowling Game */ = {
			isa = PBXNativeTarget;
			buildConfigurationList = DDA708D71EE5305B000DC8BA /* Build configuration list for PBXNativeTarget "TDD Bowling Game" */;
			buildPhases = (
				DDA708AB1EE5305A000DC8BA /* Sources */,
				DDA708AC1EE5305A000DC8BA /* Frameworks */,
				DDA708AD1EE5305A000DC8BA /* Resources */,
			);
			buildRules = (
			);
			dependencies = (
			);
			name = "TDD Bowling Game";
			productName = "TDD Bowling Game";
			productReference = DDA708AF1EE5305A000DC8BA /* TDD Bowling Game.app */;
			productType = "com.apple.product-type.application";
		};
		DDA708C21EE5305A000DC8BA /* TDD Bowling GameTests */ = {
			isa = PBXNativeTarget;
			buildConfigurationList = DDA708DA1EE5305B000DC8BA /* Build configuration list for PBXNativeTarget "TDD Bowling GameTests" */;
			buildPhases = (
				DDA708BF1EE5305A000DC8BA /* Sources */,
				DDA708C01EE5305A000DC8BA /* Frameworks */,
				DDA708C11EE5305A000DC8BA /* Resources */,
			);
			buildRules = (
			);
			dependencies = (
				DDA708C51EE5305B000DC8BA /* PBXTargetDependency */,
			);
			name = "TDD Bowling GameTests";
			productName = "TDD Bowling GameTests";
			productReference = DDA708C31EE5305A000DC8BA /* TDD Bowling GameTests.xctest */;
			productType = "com.apple.product-type.bundle.unit-test";
		};
		DDA708CD1EE5305B000DC8BA /* TDD Bowling GameUITests */ = {
			isa = PBXNativeTarget;
			buildConfigurationList = DDA708DD1EE5305B000DC8BA /* Build configuration list for PBXNativeTarget "TDD Bowling GameUITests" */;
			buildPhases = (
				DDA708CA1EE5305B000DC8BA /* Sources */,
				DDA708CB1EE5305B000DC8BA /* Frameworks */,
				DDA708CC1EE5305B000DC8BA /* Resources */,
			);
			buildRules = (
			);
			dependencies = (
				DDA708D01EE5305B000DC8BA /* PBXTargetDependency */,
			);
			name = "TDD Bowling GameUITests";
			productName = "TDD Bowling GameUITests";
			productReference = DDA708CE1EE5305B000DC8BA /* TDD Bowling GameUITests.xctest */;
			productType = "com.apple.product-type.bundle.ui-testing";
		};
/* End PBXNativeTarget section */

/* Begin PBXProject section */
		DDA708A71EE5305A000DC8BA /* Project object */ = {
			isa = PBXProject;
			attributes = {
				LastSwiftUpdateCheck = 0830;
				LastUpgradeCheck = 0830;
				ORGANIZATIONNAME = "王適緣";
				TargetAttributes = {
					DDA708AE1EE5305A000DC8BA = {
						CreatedOnToolsVersion = 8.3.2;
						DevelopmentTeam = X398R58965;
						ProvisioningStyle = Automatic;
					};
					DDA708C21EE5305A000DC8BA = {
						CreatedOnToolsVersion = 8.3.2;
						DevelopmentTeam = X398R58965;
						ProvisioningStyle = Automatic;
						TestTargetID = DDA708AE1EE5305A000DC8BA;
					};
					DDA708CD1EE5305B000DC8BA = {
						CreatedOnToolsVersion = 8.3.2;
						DevelopmentTeam = X398R58965;
						ProvisioningStyle = Automatic;
						TestTargetID = DDA708AE1EE5305A000DC8BA;
					};
				};
			};
			buildConfigurationList = DDA708AA1EE5305A000DC8BA /* Build configuration list for PBXProject "TDD Bowling Game" */;
			compatibilityVersion = "Xcode 3.2";
			developmentRegion = English;
			hasScannedForEncodings = 0;
			knownRegions = (
				en,
				Base,
			);
			mainGroup = DDA708A61EE5305A000DC8BA;
			productRefGroup = DDA708B01EE5305A000DC8BA /* Products */;
			projectDirPath = "";
			projectRoot = "";
			targets = (
				DDA708AE1EE5305A000DC8BA /* TDD Bowling Game */,
				DDA708C21EE5305A000DC8BA /* TDD Bowling GameTests */,
				DDA708CD1EE5305B000DC8BA /* TDD Bowling GameUITests */,
			);
		};
/* End PBXProject section */

/* Begin PBXResourcesBuildPhase section */
		DDA708AD1EE5305A000DC8BA /* Resources */ = {
			isa = PBXResourcesBuildPhase;
			buildActionMask = 2147483647;
			files = (
				DDA708BD1EE5305A000DC8BA /* LaunchScreen.storyboard in Resources */,
				DDA708BA1EE5305A000DC8BA /* Assets.xcassets in Resources */,
				DDA708B81EE5305A000DC8BA /* Main.storyboard in Resources */,
			);
			runOnlyForDeploymentPostprocessing = 0;
		};
		DDA708C11EE5305A000DC8BA /* Resources */ = {
			isa = PBXResourcesBuildPhase;
			buildActionMask = 2147483647;
			files = (
			);
			runOnlyForDeploymentPostprocessing = 0;
		};
		DDA708CC1EE5305B000DC8BA /* Resources */ = {
			isa = PBXResourcesBuildPhase;
			buildActionMask = 2147483647;
			files = (
			);
			runOnlyForDeploymentPostprocessing = 0;
		};
/* End PBXResourcesBuildPhase section */

/* Begin PBXSourcesBuildPhase section */
		DDA708AB1EE5305A000DC8BA /* Sources */ = {
			isa = PBXSourcesBuildPhase;
			buildActionMask = 2147483647;
			files = (
				DDA708B51EE5305A000DC8BA /* ViewController.swift in Sources */,
				DDA708B31EE5305A000DC8BA /* AppDelegate.swift in Sources */,
			);
			runOnlyForDeploymentPostprocessing = 0;
		};
		DDA708BF1EE5305A000DC8BA /* Sources */ = {
			isa = PBXSourcesBuildPhase;
			buildActionMask = 2147483647;
			files = (
				DDA708C81EE5305B000DC8BA /* TDD_Bowling_GameTests.swift in Sources */,
			);
			runOnlyForDeploymentPostprocessing = 0;
		};
		DDA708CA1EE5305B000DC8BA /* Sources */ = {
			isa = PBXSourcesBuildPhase;
			buildActionMask = 2147483647;
			files = (
				DDA708D31EE5305B000DC8BA /* TDD_Bowling_GameUITests.swift in Sources */,
			);
			runOnlyForDeploymentPostprocessing = 0;
		};
/* End PBXSourcesBuildPhase section */

/* Begin PBXTargetDependency section */
		DDA708C51EE5305B000DC8BA /* PBXTargetDependency */ = {
			isa = PBXTargetDependency;
			target = DDA708AE1EE5305A000DC8BA /* TDD Bowling Game */;
			targetProxy = DDA708C41EE5305B000DC8BA /* PBXContainerItemProxy */;
		};
		DDA708D01EE5305B000DC8BA /* PBXTargetDependency */ = {
			isa = PBXTargetDependency;
			target = DDA708AE1EE5305A000DC8BA /* TDD Bowling Game */;
			targetProxy = DDA708CF1EE5305B000DC8BA /* PBXContainerItemProxy */;
		};
/* End PBXTargetDependency section */

/* Begin PBXVariantGroup section */
		DDA708B61EE5305A000DC8BA /* Main.storyboard */ = {
			isa = PBXVariantGroup;
			children = (
				DDA708B71EE5305A000DC8BA /* Base */,
			);
			name = Main.storyboard;
			sourceTree = "<group>";
		};
		DDA708BB1EE5305A000DC8BA /* LaunchScreen.storyboard */ = {
			isa = PBXVariantGroup;
			children = (
				DDA708BC1EE5305A000DC8BA /* Base */,
			);
			name = LaunchScreen.storyboard;
			sourceTree = "<group>";
		};
/* End PBXVariantGroup section */

/* Begin XCBuildConfiguration section */
		DDA708D51EE5305B000DC8BA /* Debug */ = {
			isa = XCBuildConfiguration;
			buildSettings = {
				ALWAYS_SEARCH_USER_PATHS = NO;
				CLANG_ANALYZER_NONNULL = YES;
				CLANG_ANALYZER_NUMBER_OBJECT_CONVERSION = YES_AGGRESSIVE;
				CLANG_CXX_LANGUAGE_STANDARD = "gnu++0x";
				CLANG_CXX_LIBRARY = "libc++";
				CLANG_ENABLE_MODULES = YES;
				CLANG_ENABLE_OBJC_ARC = YES;
				CLANG_WARN_BOOL_CONVERSION = YES;
				CLANG_WARN_CONSTANT_CONVERSION = YES;
				CLANG_WARN_DIRECT_OBJC_ISA_USAGE = YES_ERROR;
				CLANG_WARN_DOCUMENTATION_COMMENTS = YES;
				CLANG_WARN_EMPTY_BODY = YES;
				CLANG_WARN_ENUM_CONVERSION = YES;
				CLANG_WARN_INFINITE_RECURSION = YES;
				CLANG_WARN_INT_CONVERSION = YES;
				CLANG_WARN_OBJC_ROOT_CLASS = YES_ERROR;
				CLANG_WARN_SUSPICIOUS_MOVE = YES;
				CLANG_WARN_UNREACHABLE_CODE = YES;
				CLANG_WARN__DUPLICATE_METHOD_MATCH = YES;
				"CODE_SIGN_IDENTITY[sdk=iphoneos*]" = "iPhone Developer";
				COPY_PHASE_STRIP = NO;
				DEBUG_INFORMATION_FORMAT = dwarf;
				ENABLE_STRICT_OBJC_MSGSEND = YES;
				ENABLE_TESTABILITY = YES;
				GCC_C_LANGUAGE_STANDARD = gnu99;
				GCC_DYNAMIC_NO_PIC = NO;
				GCC_NO_COMMON_BLOCKS = YES;
				GCC_OPTIMIZATION_LEVEL = 0;
				GCC_PREPROCESSOR_DEFINITIONS = (
					"DEBUG=1",
					"$(inherited)",
				);
				GCC_WARN_64_TO_32_BIT_CONVERSION = YES;
				GCC_WARN_ABOUT_RETURN_TYPE = YES_ERROR;
				GCC_WARN_UNDECLARED_SELECTOR = YES;
				GCC_WARN_UNINITIALIZED_AUTOS = YES_AGGRESSIVE;
				GCC_WARN_UNUSED_FUNCTION = YES;
				GCC_WARN_UNUSED_VARIABLE = YES;
				IPHONEOS_DEPLOYMENT_TARGET = 10.3;
				MTL_ENABLE_DEBUG_INFO = YES;
				ONLY_ACTIVE_ARCH = YES;
				SDKROOT = iphoneos;
				SWIFT_ACTIVE_COMPILATION_CONDITIONS = DEBUG;
				SWIFT_OPTIMIZATION_LEVEL = "-Onone";
			};
			name = Debug;
		};
		DDA708D61EE5305B000DC8BA /* Release */ = {
			isa = XCBuildConfiguration;
			buildSettings = {
				ALWAYS_SEARCH_USER_PATHS = NO;
				CLANG_ANALYZER_NONNULL = YES;
				CLANG_ANALYZER_NUMBER_OBJECT_CONVERSION = YES_AGGRESSIVE;
				CLANG_CXX_LANGUAGE_STANDARD = "gnu++0x";
				CLANG_CXX_LIBRARY = "libc++";
				CLANG_ENABLE_MODULES = YES;
				CLANG_ENABLE_OBJC_ARC = YES;
				CLANG_WARN_BOOL_CONVERSION = YES;
				CLANG_WARN_CONSTANT_CONVERSION = YES;
				CLANG_WARN_DIRECT_OBJC_ISA_USAGE = YES_ERROR;
				CLANG_WARN_DOCUMENTATION_COMMENTS = YES;
				CLANG_WARN_EMPTY_BODY = YES;
				CLANG_WARN_ENUM_CONVERSION = YES;
				CLANG_WARN_INFINITE_RECURSION = YES;
				CLANG_WARN_INT_CONVERSION = YES;
				CLANG_WARN_OBJC_ROOT_CLASS = YES_ERROR;
				CLANG_WARN_SUSPICIOUS_MOVE = YES;
				CLANG_WARN_UNREACHABLE_CODE = YES;
				CLANG_WARN__DUPLICATE_METHOD_MATCH = YES;
				"CODE_SIGN_IDENTITY[sdk=iphoneos*]" = "iPhone Developer";
				COPY_PHASE_STRIP = NO;
				DEBUG_INFORMATION_FORMAT = "dwarf-with-dsym";
				ENABLE_NS_ASSERTIONS = NO;
				ENABLE_STRICT_OBJC_MSGSEND = YES;
				GCC_C_LANGUAGE_STANDARD = gnu99;
				GCC_NO_COMMON_BLOCKS = YES;
				GCC_WARN_64_TO_32_BIT_CONVERSION = YES;
				GCC_WARN_ABOUT_RETURN_TYPE = YES_ERROR;
				GCC_WARN_UNDECLARED_SELECTOR = YES;
				GCC_WARN_UNINITIALIZED_AUTOS = YES_AGGRESSIVE;
				GCC_WARN_UNUSED_FUNCTION = YES;
				GCC_WARN_UNUSED_VARIABLE = YES;
				IPHONEOS_DEPLOYMENT_TARGET = 10.3;
				MTL_ENABLE_DEBUG_INFO = NO;
				SDKROOT = iphoneos;
				SWIFT_OPTIMIZATION_LEVEL = "-Owholemodule";
				VALIDATE_PRODUCT = YES;
			};
			name = Release;
		};
		DDA708D81EE5305B000DC8BA /* Debug */ = {
			isa = XCBuildConfiguration;
			buildSettings = {
				ASSETCATALOG_COMPILER_APPICON_NAME = AppIcon;
				DEVELOPMENT_TEAM = X398R58965;
				INFOPLIST_FILE = "TDD Bowling Game/Info.plist";
				LD_RUNPATH_SEARCH_PATHS = "$(inherited) @executable_path/Frameworks";
				PRODUCT_BUNDLE_IDENTIFIER = "shihyuan.TDD-Bowling-Game";
				PRODUCT_NAME = "$(TARGET_NAME)";
				SWIFT_VERSION = 3.0;
			};
			name = Debug;
		};
		DDA708D91EE5305B000DC8BA /* Release */ = {
			isa = XCBuildConfiguration;
			buildSettings = {
				ASSETCATALOG_COMPILER_APPICON_NAME = AppIcon;
				DEVELOPMENT_TEAM = X398R58965;
				INFOPLIST_FILE = "TDD Bowling Game/Info.plist";
				LD_RUNPATH_SEARCH_PATHS = "$(inherited) @executable_path/Frameworks";
				PRODUCT_BUNDLE_IDENTIFIER = "shihyuan.TDD-Bowling-Game";
				PRODUCT_NAME = "$(TARGET_NAME)";
				SWIFT_VERSION = 3.0;
			};
			name = Release;
		};
		DDA708DB1EE5305B000DC8BA /* Debug */ = {
			isa = XCBuildConfiguration;
			buildSettings = {
				ALWAYS_EMBED_SWIFT_STANDARD_LIBRARIES = YES;
				BUNDLE_LOADER = "$(TEST_HOST)";
				DEVELOPMENT_TEAM = X398R58965;
				INFOPLIST_FILE = "TDD Bowling GameTests/Info.plist";
				LD_RUNPATH_SEARCH_PATHS = "$(inherited) @executable_path/Frameworks @loader_path/Frameworks";
				PRODUCT_BUNDLE_IDENTIFIER = "shihyuan.TDD-Bowling-GameTests";
				PRODUCT_NAME = "$(TARGET_NAME)";
				SWIFT_VERSION = 3.0;
				TEST_HOST = "$(BUILT_PRODUCTS_DIR)/TDD Bowling Game.app/TDD Bowling Game";
			};
			name = Debug;
		};
		DDA708DC1EE5305B000DC8BA /* Release */ = {
			isa = XCBuildConfiguration;
			buildSettings = {
				ALWAYS_EMBED_SWIFT_STANDARD_LIBRARIES = YES;
				BUNDLE_LOADER = "$(TEST_HOST)";
				DEVELOPMENT_TEAM = X398R58965;
				INFOPLIST_FILE = "TDD Bowling GameTests/Info.plist";
				LD_RUNPATH_SEARCH_PATHS = "$(inherited) @executable_path/Frameworks @loader_path/Frameworks";
				PRODUCT_BUNDLE_IDENTIFIER = "shihyuan.TDD-Bowling-GameTests";
				PRODUCT_NAME = "$(TARGET_NAME)";
				SWIFT_VERSION = 3.0;
				TEST_HOST = "$(BUILT_PRODUCTS_DIR)/TDD Bowling Game.app/TDD Bowling Game";
			};
			name = Release;
		};
		DDA708DE1EE5305B000DC8BA /* Debug */ = {
			isa = XCBuildConfiguration;
			buildSettings = {
				ALWAYS_EMBED_SWIFT_STANDARD_LIBRARIES = YES;
				DEVELOPMENT_TEAM = X398R58965;
				INFOPLIST_FILE = "TDD Bowling GameUITests/Info.plist";
				LD_RUNPATH_SEARCH_PATHS = "$(inherited) @executable_path/Frameworks @loader_path/Frameworks";
				PRODUCT_BUNDLE_IDENTIFIER = "shihyuan.TDD-Bowling-GameUITests";
				PRODUCT_NAME = "$(TARGET_NAME)";
				SWIFT_VERSION = 3.0;
				TEST_TARGET_NAME = "TDD Bowling Game";
			};
			name = Debug;
		};
		DDA708DF1EE5305B000DC8BA /* Release */ = {
			isa = XCBuildConfiguration;
			buildSettings = {
				ALWAYS_EMBED_SWIFT_STANDARD_LIBRARIES = YES;
				DEVELOPMENT_TEAM = X398R58965;
				INFOPLIST_FILE = "TDD Bowling GameUITests/Info.plist";
				LD_RUNPATH_SEARCH_PATHS = "$(inherited) @executable_path/Frameworks @loader_path/Frameworks";
				PRODUCT_BUNDLE_IDENTIFIER = "shihyuan.TDD-Bowling-GameUITests";
				PRODUCT_NAME = "$(TARGET_NAME)";
				SWIFT_VERSION = 3.0;
				TEST_TARGET_NAME = "TDD Bowling Game";
			};
			name = Release;
		};
/* End XCBuildConfiguration section */

/* Begin XCConfigurationList section */
		DDA708AA1EE5305A000DC8BA /* Build configuration list for PBXProject "TDD Bowling Game" */ = {
			isa = XCConfigurationList;
			buildConfigurations = (
				DDA708D51EE5305B000DC8BA /* Debug */,
				DDA708D61EE5305B000DC8BA /* Release */,
			);
			defaultConfigurationIsVisible = 0;
			defaultConfigurationName = Release;
		};
		DDA708D71EE5305B000DC8BA /* Build configuration list for PBXNativeTarget "TDD Bowling Game" */ = {
			isa = XCConfigurationList;
			buildConfigurations = (
				DDA708D81EE5305B000DC8BA /* Debug */,
				DDA708D91EE5305B000DC8BA /* Release */,
			);
			defaultConfigurationIsVisible = 0;
		};
		DDA708DA1EE5305B000DC8BA /* Build configuration list for PBXNativeTarget "TDD Bowling GameTests" */ = {
			isa = XCConfigurationList;
			buildConfigurations = (
				DDA708DB1EE5305B000DC8BA /* Debug */,
				DDA708DC1EE5305B000DC8BA /* Release */,
			);
			defaultConfigurationIsVisible = 0;
		};
		DDA708DD1EE5305B000DC8BA /* Build configuration list for PBXNativeTarget "TDD Bowling GameUITests" */ = {
			isa = XCConfigurationList;
			buildConfigurations = (
				DDA708DE1EE5305B000DC8BA /* Debug */,
				DDA708DF1EE5305B000DC8BA /* Release */,
			);
			defaultConfigurationIsVisible = 0;
		};
/* End XCConfigurationList section */
	};
	rootObject = DDA708A71EE5305A000DC8BA /* Project object */;
}
